
Microsoft Visual Studio Solution File, Format Version 12.00
# Visual Studio Version 17
VisualStudioVersion = 17.6.33723.286
MinimumVisualStudioVersion = 10.0.40219.1
Project("{FAE04EC0-301F-11D3-BF4B-00C04F79EFBC}") = "PerfectNum", "PerfectNum\PerfectNum.csproj", "{6B56A985-5EC2-440E-875F-FE96C2E429EA}"
EndProject
Global
	GlobalSection(SolutionConfigurationPlatforms) = preSolution
		Debug|Any CPU = Debug|Any CPU
		Release|Any CPU = Release|Any CPU
	EndGlobalSection
	GlobalSection(ProjectConfigurationPlatforms) = postSolution
		{6B56A985-5EC2-440E-875F-FE96C2E429EA}.Debug|Any CPU.ActiveCfg = Debug|Any CPU
		{6B56A985-5EC2-440E-875F-FE96C2E429EA}.Debug|Any CPU.Build.0 = Debug|Any CPU
		{6B56A985-5EC2-440E-875F-FE96C2E429EA}.Release|Any CPU.ActiveCfg = Release|Any CPU
		{6B56A985-5EC2-440E-875F-FE96C2E429EA}.Release|Any CPU.Build.0 = Release|Any CPU
	EndGlobalSection
	GlobalSection(SolutionProperties) = preSolution
		HideSolutionNode = FALSE
	EndGlobalSection
	GlobalSection(ExtensibilityGlobals) = postSolution
		SolutionGuid = {ED4B440E-905B-4148-A9CF-8F452C60F855}
	EndGlobalSection
EndGlobal
